# This file is automatically @generated by Cargo.
# It is not intended for manual editing.
version = 4

[[package]]
name = "myapp"
version = "0.1.0"
dependencies = [
 "myapp-core",
 "openssl",
 "serde",
 "vendored-fork",
]

[[package]]
name = "myapp-core"
version = "0.1.0"
dependencies = [
 "smallvec 0.6.9 (registry+https://github.com/rust-lang/crates.io-index)",
]

[[package]]
name = "myapp-cli"
version = "0.1.0"
dependencies = ["dup 1.0.0"]

[[package]]
name = "openssl"
version = "0.10.0"
source = "registry+https://github.com/rust-lang/crates.io-index"
checksum = "0000000000000000000000000000000000000000000000000000000000000000"
dependencies = [
 "libc",
]

[[package]]
name = "libc"
version = "0.2.155"
source = "registry+https://github.com/rust-lang/crates.io-index"
checksum = "1111111111111111111111111111111111111111111111111111111111111111"

[[package]]
name = "serde"
version = "1.0.200"
source = "registry+https://github.com/rust-lang/crates.io-index"
checksum = "2222222222222222222222222222222222222222222222222222222222222222"

[[package]]
name = "smallvec"
version = "0.6.9"
source = "registry+https://github.com/rust-lang/crates.io-index"
checksum = "3333333333333333333333333333333333333333333333333333333333333333"

[[package]]
name = "vendored-fork"
version = "2.0.0"
source = "git+https://github.com/example/vendored-fork?branch=main#abcdef0123456789"
dependencies = ["libc"]

[[package]]
name = "dup"
version = "1.0.0"
source = "registry+https://github.com/rust-lang/crates.io-index"
checksum = "4444444444444444444444444444444444444444444444444444444444444444"

[[package]]
name = "dup"
version = "2.0.0"
source = "registry+https://github.com/rust-lang/crates.io-index"
checksum = "5555555555555555555555555555555555555555555555555555555555555555"

[metadata]
"checksum legacy 0.0.1 (registry+https://github.com/rust-lang/crates.io-index)" = "deadbeef"
