{
  "name": "fixture-app",
  "version": "1.0.0",
  "lockfileVersion": 3,
  "requires": true,
  "packages": {
    "": {
      "name": "fixture-app",
      "version": "1.0.0"
    },
    "node_modules/left-pad": {
      "version": "1.3.0",
      "hasInstallScript": true
    },
    "node_modules/vitest": {
      "version": "2.1.8",
      "dev": true
    },
    "node_modules/tinypool": {
      "version": "1.0.0",
      "dev": true
    },
    "node_modules/vitest/node_modules/tinyspy": {
      "version": "3.0.2",
      "dev": true
    }
  }
}
